
Microsoft Visual Studio Solution File, Format Version 12.00
# Visual Studio Version 17
VisualStudioVersion = 17.8.34525.116
MinimumVisualStudioVersion = 10.0.40219.1
Project("{9A19103F-16F7-4668-BE54-9A1E7A4F7556}") = "Benchmarks11", "Benchmarks11\Benchmarks11.csproj", "{81A742E5-8E31-423F-AFC9-A5B0A67C5907}"
EndProject
Project("{D954291E-2A0B-460D-934E-DC6B0785DB48}") = "BenchmarksShared", "BenchmarksShared\BenchmarksShared.shproj", "{41ECD6F0-D971-4A5E-9695-055D6CA1372A}"
EndProject
Project("{FAE04EC0-301F-11D3-BF4B-00C04F79EFBC}") = "Benchmarks10", "Benchmarks10\Benchmarks10.csproj", "{29F69F4D-8C21-4657-A7E0-704D7E4810F6}"
EndProject
Global
	GlobalSection(SolutionConfigurationPlatforms) = preSolution
		Debug|Any CPU = Debug|Any CPU
		Release|Any CPU = Release|Any CPU
	EndGlobalSection
	GlobalSection(ProjectConfigurationPlatforms) = postSolution
		{81A742E5-8E31-423F-AFC9-A5B0A67C5907}.Debug|Any CPU.ActiveCfg = Debug|Any CPU
		{81A742E5-8E31-423F-AFC9-A5B0A67C5907}.Debug|Any CPU.Build.0 = Debug|Any CPU
		{81A742E5-8E31-423F-AFC9-A5B0A67C5907}.Release|Any CPU.ActiveCfg = Release|Any CPU
		{81A742E5-8E31-423F-AFC9-A5B0A67C5907}.Release|Any CPU.Build.0 = Release|Any CPU
		{29F69F4D-8C21-4657-A7E0-704D7E4810F6}.Debug|Any CPU.ActiveCfg = Debug|Any CPU
		{29F69F4D-8C21-4657-A7E0-704D7E4810F6}.Debug|Any CPU.Build.0 = Debug|Any CPU
		{29F69F4D-8C21-4657-A7E0-704D7E4810F6}.Release|Any CPU.ActiveCfg = Release|Any CPU
		{29F69F4D-8C21-4657-A7E0-704D7E4810F6}.Release|Any CPU.Build.0 = Release|Any CPU
	EndGlobalSection
	GlobalSection(SolutionProperties) = preSolution
		HideSolutionNode = FALSE
	EndGlobalSection
	GlobalSection(ExtensibilityGlobals) = postSolution
		SolutionGuid = {89061244-E62B-4A1C-9163-D4819C22AF96}
	EndGlobalSection
	GlobalSection(SharedMSBuildProjectFiles) = preSolution
		BenchmarksShared\BenchmarksShared.projitems*{29f69f4d-8c21-4657-a7e0-704d7e4810f6}*SharedItemsImports = 5
		BenchmarksShared\BenchmarksShared.projitems*{41ecd6f0-d971-4a5e-9695-055d6ca1372a}*SharedItemsImports = 13
		BenchmarksShared\BenchmarksShared.projitems*{81a742e5-8e31-423f-afc9-a5b0a67c5907}*SharedItemsImports = 5
	EndGlobalSection
EndGlobal
